# This file is automatically @generated by Cargo.
# It is not intended for manual editing.
version = 4

[[package]]
name = "gamerat-cli"
version = "0.0.0"
dependencies = [
 "gamerat-proto",
]

[[package]]
name = "gamerat-daemon"
version = "0.0.0"
dependencies = [
 "gamerat-focus",
 "gamerat-gamedb",
 "gamerat-proto",
 "gamerat-ratbag",
]

[[package]]
name = "gamerat-focus"
version = "0.0.0"

[[package]]
name = "gamerat-gamedb"
version = "0.0.0"

[[package]]
name = "gamerat-gui"
version = "0.0.0"
dependencies = [
 "gamerat-proto",
]

[[package]]
name = "gamerat-proto"
version = "0.0.0"

[[package]]
name = "gamerat-ratbag"
version = "0.0.0"
